
Microsoft Visual Studio Solution File, Format Version 12.00
# Visual Studio Version 17
VisualStudioVersion = 17.4.33213.308
MinimumVisualStudioVersion = 10.0.40219.1
Project("{FAE04EC0-301F-11D3-BF4B-00C04F79EFBC}") = "WebScraping", "WebScraping\WebScraping.csproj", "{0AB45FF3-AAC7-4C4D-A40C-18A56E967FF9}"
EndProject
Global
	GlobalSection(SolutionConfigurationPlatforms) = preSolution
		Debug|Any CPU = Debug|Any CPU
		Release|Any CPU = Release|Any CPU
	EndGlobalSection
	GlobalSection(ProjectConfigurationPlatforms) = postSolution
		{0AB45FF3-AAC7-4C4D-A40C-18A56E967FF9}.Debug|Any CPU.ActiveCfg = Debug|Any CPU
		{0AB45FF3-AAC7-4C4D-A40C-18A56E967FF9}.Debug|Any CPU.Build.0 = Debug|Any CPU
		{0AB45FF3-AAC7-4C4D-A40C-18A56E967FF9}.Release|Any CPU.ActiveCfg = Release|Any CPU
		{0AB45FF3-AAC7-4C4D-A40C-18A56E967FF9}.Release|Any CPU.Build.0 = Release|Any CPU
	EndGlobalSection
	GlobalSection(SolutionProperties) = preSolution
		HideSolutionNode = FALSE
	EndGlobalSection
	GlobalSection(ExtensibilityGlobals) = postSolution
		SolutionGuid = {437C30A2-BD32-4D35-8976-FF0CD9EB6254}
	EndGlobalSection
EndGlobal
